
Microsoft Visual Studio Solution File, Format Version 12.00
# Visual Studio Version 16
VisualStudioVersion = 16.0.30413.136
MinimumVisualStudioVersion = 10.0.40219.1
Project("{FAE04EC0-301F-11D3-BF4B-00C04F79EFBC}") = "TestBlazorApp.Server", "TestBlazorApp\Server\TestBlazorApp.Server.csproj", "{A193A165-AD6E-4C91-9C48-4A95EF573CC0}"
EndProject
Project("{FAE04EC0-301F-11D3-BF4B-00C04F79EFBC}") = "TestBlazorApp.Client", "TestBlazorApp\Client\TestBlazorApp.Client.csproj", "{CC16A381-5FEB-4FA0-A556-D61E1A8C2078}"
EndProject
Project("{FAE04EC0-301F-11D3-BF4B-00C04F79EFBC}") = "TestBlazorApp.Shared", "TestBlazorApp\Shared\TestBlazorApp.Shared.csproj", "{72473F46-2C9D-4109-B432-F071769A182D}"
EndProject
Global
	GlobalSection(SolutionConfigurationPlatforms) = preSolution
		Debug|Any CPU = Debug|Any CPU
		Release|Any CPU = Release|Any CPU
	EndGlobalSection
	GlobalSection(ProjectConfigurationPlatforms) = postSolution
		{A193A165-AD6E-4C91-9C48-4A95EF573CC0}.Debug|Any CPU.ActiveCfg = Debug|Any CPU
		{A193A165-AD6E-4C91-9C48-4A95EF573CC0}.Debug|Any CPU.Build.0 = Debug|Any CPU
		{A193A165-AD6E-4C91-9C48-4A95EF573CC0}.Release|Any CPU.ActiveCfg = Release|Any CPU
		{A193A165-AD6E-4C91-9C48-4A95EF573CC0}.Release|Any CPU.Build.0 = Release|Any CPU
		{CC16A381-5FEB-4FA0-A556-D61E1A8C2078}.Debug|Any CPU.ActiveCfg = Debug|Any CPU
		{CC16A381-5FEB-4FA0-A556-D61E1A8C2078}.Debug|Any CPU.Build.0 = Debug|Any CPU
		{CC16A381-5FEB-4FA0-A556-D61E1A8C2078}.Release|Any CPU.ActiveCfg = Release|Any CPU
		{CC16A381-5FEB-4FA0-A556-D61E1A8C2078}.Release|Any CPU.Build.0 = Release|Any CPU
		{72473F46-2C9D-4109-B432-F071769A182D}.Debug|Any CPU.ActiveCfg = Debug|Any CPU
		{72473F46-2C9D-4109-B432-F071769A182D}.Debug|Any CPU.Build.0 = Debug|Any CPU
		{72473F46-2C9D-4109-B432-F071769A182D}.Release|Any CPU.ActiveCfg = Release|Any CPU
		{72473F46-2C9D-4109-B432-F071769A182D}.Release|Any CPU.Build.0 = Release|Any CPU
	EndGlobalSection
	GlobalSection(SolutionProperties) = preSolution
		HideSolutionNode = FALSE
	EndGlobalSection
	GlobalSection(ExtensibilityGlobals) = postSolution
		SolutionGuid = {1D5EAD3C-4E4E-4A48-8303-E97B4ED27A41}
	EndGlobalSection
EndGlobal
